
Microsoft Visual Studio Solution File, Format Version 12.00
# Visual Studio Version 17
VisualStudioVersion = 17.5.33502.453
MinimumVisualStudioVersion = 10.0.40219.1
Project("{9A19103F-16F7-4668-BE54-9A1E7A4F7556}") = "GUI", "GUI\GUI.csproj", "{D15445B2-7193-4BBB-9377-998D4E4D8F3F}"
EndProject
Project("{FAE04EC0-301F-11D3-BF4B-00C04F79EFBC}") = "BLL", "BLL\BLL.csproj", "{753C720B-FAE3-49D3-B775-C49DDE9DE066}"
EndProject
Project("{FAE04EC0-301F-11D3-BF4B-00C04F79EFBC}") = "DAL", "DAL\DAL.csproj", "{151E6A0C-98E3-4763-A5FA-05EC507F6762}"
EndProject
Project("{FAE04EC0-301F-11D3-BF4B-00C04F79EFBC}") = "DTO", "DTO\DTO.csproj", "{53814476-CF0F-44C5-9CB6-AC1E0390870B}"
EndProject
Global
	GlobalSection(SolutionConfigurationPlatforms) = preSolution
		Debug|Any CPU = Debug|Any CPU
		Release|Any CPU = Release|Any CPU
	EndGlobalSection
	GlobalSection(ProjectConfigurationPlatforms) = postSolution
		{D15445B2-7193-4BBB-9377-998D4E4D8F3F}.Debug|Any CPU.ActiveCfg = Debug|Any CPU
		{D15445B2-7193-4BBB-9377-998D4E4D8F3F}.Debug|Any CPU.Build.0 = Debug|Any CPU
		{D15445B2-7193-4BBB-9377-998D4E4D8F3F}.Release|Any CPU.ActiveCfg = Release|Any CPU
		{D15445B2-7193-4BBB-9377-998D4E4D8F3F}.Release|Any CPU.Build.0 = Release|Any CPU
		{753C720B-FAE3-49D3-B775-C49DDE9DE066}.Debug|Any CPU.ActiveCfg = Debug|Any CPU
		{753C720B-FAE3-49D3-B775-C49DDE9DE066}.Debug|Any CPU.Build.0 = Debug|Any CPU
		{753C720B-FAE3-49D3-B775-C49DDE9DE066}.Release|Any CPU.ActiveCfg = Release|Any CPU
		{753C720B-FAE3-49D3-B775-C49DDE9DE066}.Release|Any CPU.Build.0 = Release|Any CPU
		{151E6A0C-98E3-4763-A5FA-05EC507F6762}.Debug|Any CPU.ActiveCfg = Debug|Any CPU
		{151E6A0C-98E3-4763-A5FA-05EC507F6762}.Debug|Any CPU.Build.0 = Debug|Any CPU
		{151E6A0C-98E3-4763-A5FA-05EC507F6762}.Release|Any CPU.ActiveCfg = Release|Any CPU
		{151E6A0C-98E3-4763-A5FA-05EC507F6762}.Release|Any CPU.Build.0 = Release|Any CPU
		{53814476-CF0F-44C5-9CB6-AC1E0390870B}.Debug|Any CPU.ActiveCfg = Debug|Any CPU
		{53814476-CF0F-44C5-9CB6-AC1E0390870B}.Debug|Any CPU.Build.0 = Debug|Any CPU
		{53814476-CF0F-44C5-9CB6-AC1E0390870B}.Release|Any CPU.ActiveCfg = Release|Any CPU
		{53814476-CF0F-44C5-9CB6-AC1E0390870B}.Release|Any CPU.Build.0 = Release|Any CPU
	EndGlobalSection
	GlobalSection(SolutionProperties) = preSolution
		HideSolutionNode = FALSE
	EndGlobalSection
	GlobalSection(ExtensibilityGlobals) = postSolution
		SolutionGuid = {80913F0D-24D8-4446-9175-57B54A8B4D80}
	EndGlobalSection
EndGlobal
